
Microsoft Visual Studio Solution File, Format Version 12.00
# Visual Studio Version 17
VisualStudioVersion = 17.14.36414.22 d17.14
MinimumVisualStudioVersion = 10.0.40219.1
Project("{FAE04EC0-301F-11D3-BF4B-00C04F79EFBC}") = "ProceduralGen", "ProceduralGen.csproj", "{A388F2BB-0745-4081-8D3C-1B78CFEA00A3}"
EndProject
Global
	GlobalSection(SolutionConfigurationPlatforms) = preSolution
		Debug|Any CPU = Debug|Any CPU
		Release|Any CPU = Release|Any CPU
	EndGlobalSection
	GlobalSection(ProjectConfigurationPlatforms) = postSolution
		{A388F2BB-0745-4081-8D3C-1B78CFEA00A3}.Debug|Any CPU.ActiveCfg = Debug|Any CPU
		{A388F2BB-0745-4081-8D3C-1B78CFEA00A3}.Debug|Any CPU.Build.0 = Debug|Any CPU
		{A388F2BB-0745-4081-8D3C-1B78CFEA00A3}.Release|Any CPU.ActiveCfg = Release|Any CPU
		{A388F2BB-0745-4081-8D3C-1B78CFEA00A3}.Release|Any CPU.Build.0 = Release|Any CPU
	EndGlobalSection
	GlobalSection(SolutionProperties) = preSolution
		HideSolutionNode = FALSE
	EndGlobalSection
	GlobalSection(ExtensibilityGlobals) = postSolution
		SolutionGuid = {BEA6C3DF-227D-4A8C-8A49-5331BB78240B}
	EndGlobalSection
EndGlobal
